
Microsoft Visual Studio Solution File, Format Version 12.00
# Visual Studio Version 17
VisualStudioVersion = 17.0.31611.283
MinimumVisualStudioVersion = 10.0.40219.1
Project("{9A19103F-16F7-4668-BE54-9A1E7A4F7556}") = "SampleFile", "SampleFile\SampleFile.csproj", "{1AE4C482-DE00-4D06-ABC4-5FFE522F748D}"
EndProject
Project("{9A19103F-16F7-4668-BE54-9A1E7A4F7556}") = "Syncfusion.Maui.Charts", "..\CloneFile\maui-charts\maui\src\charts\Syncfusion.Maui.Charts.csproj", "{7AC04D4A-F0F2-4BA0-ACD2-9FF17AA7F2FD}"
EndProject
Global
	GlobalSection(SolutionConfigurationPlatforms) = preSolution
		Debug|Any CPU = Debug|Any CPU
		Release|Any CPU = Release|Any CPU
		Release-Xml|Any CPU = Release-Xml|Any CPU
	EndGlobalSection
	GlobalSection(ProjectConfigurationPlatforms) = postSolution
		{1AE4C482-DE00-4D06-ABC4-5FFE522F748D}.Debug|Any CPU.ActiveCfg = Debug|Any CPU
		{1AE4C482-DE00-4D06-ABC4-5FFE522F748D}.Debug|Any CPU.Build.0 = Debug|Any CPU
		{1AE4C482-DE00-4D06-ABC4-5FFE522F748D}.Debug|Any CPU.Deploy.0 = Debug|Any CPU
		{1AE4C482-DE00-4D06-ABC4-5FFE522F748D}.Release|Any CPU.ActiveCfg = Release|Any CPU
		{1AE4C482-DE00-4D06-ABC4-5FFE522F748D}.Release|Any CPU.Build.0 = Release|Any CPU
		{1AE4C482-DE00-4D06-ABC4-5FFE522F748D}.Release|Any CPU.Deploy.0 = Release|Any CPU
		{1AE4C482-DE00-4D06-ABC4-5FFE522F748D}.Release-Xml|Any CPU.ActiveCfg = Release|Any CPU
		{1AE4C482-DE00-4D06-ABC4-5FFE522F748D}.Release-Xml|Any CPU.Build.0 = Release|Any CPU
		{1AE4C482-DE00-4D06-ABC4-5FFE522F748D}.Release-Xml|Any CPU.Deploy.0 = Release|Any CPU
		{7AC04D4A-F0F2-4BA0-ACD2-9FF17AA7F2FD}.Debug|Any CPU.ActiveCfg = Debug|Any CPU
		{7AC04D4A-F0F2-4BA0-ACD2-9FF17AA7F2FD}.Debug|Any CPU.Build.0 = Debug|Any CPU
		{7AC04D4A-F0F2-4BA0-ACD2-9FF17AA7F2FD}.Release|Any CPU.ActiveCfg = Release|Any CPU
		{7AC04D4A-F0F2-4BA0-ACD2-9FF17AA7F2FD}.Release|Any CPU.Build.0 = Release|Any CPU
		{7AC04D4A-F0F2-4BA0-ACD2-9FF17AA7F2FD}.Release-Xml|Any CPU.ActiveCfg = Release-Xml|Any CPU
		{7AC04D4A-F0F2-4BA0-ACD2-9FF17AA7F2FD}.Release-Xml|Any CPU.Build.0 = Release-Xml|Any CPU
	EndGlobalSection
	GlobalSection(SolutionProperties) = preSolution
		HideSolutionNode = FALSE
	EndGlobalSection
	GlobalSection(ExtensibilityGlobals) = postSolution
		SolutionGuid = {61F7FB11-1E47-470C-91E2-47F8143E1572}
	EndGlobalSection
EndGlobal
